PODS:
  - Flutter (1.0.0)
  - mob_pushsdk (3.0.2):
    - mob_pushsdk/MobPush (= 3.0.2)
    - MOBFoundation
  - mob_pushsdk/MobPush (3.0.2):
    - MOBFoundation
  - MOBFoundation (3.2.24)
  - mobpush_plugin (1.0.7):
    - Flutter
    - mob_pushsdk

DEPENDENCIES:
  - Flutter (from `Flutter`)
  - mobpush_plugin (from `.symlinks/plugins/mobpush_plugin/ios`)

SPEC REPOS:
  trunk:
    - mob_pushsdk
    - MOBFoundation

EXTERNAL SOURCES:
  Flutter:
    :path: Flutter
  mobpush_plugin:
    :path: ".symlinks/plugins/mobpush_plugin/ios"

SPEC CHECKSUMS:
  Flutter: 0e3d915762c693b495b44d77113d4970485de6ec
  mob_pushsdk: 9d391d6c12e1bd718d70fd9edcd972af3d6ca663
  MOBFoundation: 934ee1a43aed452d51942b416bc3dc4d0813ac82
  mobpush_plugin: 7b5a56692c538bc06e0386916cf7b21f77c1eb09

PODFILE CHECKSUM: aafe91acc616949ddb318b77800a7f51bffa2a4c

COCOAPODS: 1.9.3
